[{<<"certifi">>,{pkg,<<"certifi">>,<<"0.4.0">>},1},
 {<<"erlando">>,
  {git,"https://github.com/rabbitmq/erlando.git",
       {ref,"1c1ef25a9bc228671b32b4a6ee30c7525314b1fd"}},
  0},
 {<<"erlsom">>,{pkg,<<"erlsom">>,<<"1.4.1">>},0},
 {<<"goldrush">>,{pkg,<<"goldrush">>,<<"0.1.8">>},1},
 {<<"hackney">>,{pkg,<<"hackney">>,<<"1.6.1">>},0},
 {<<"idna">>,{pkg,<<"idna">>,<<"1.2.0">>},1},
 {<<"jsx">>,{pkg,<<"jsx">>,<<"2.8.0">>},0},
 {<<"lager">>,{pkg,<<"lager">>,<<"3.2.1">>},0},
 {<<"metrics">>,{pkg,<<"metrics">>,<<"1.0.1">>},1},
 {<<"mimerl">>,{pkg,<<"mimerl">>,<<"1.0.2">>},1},
 {<<"mochiweb_util">>,
  {git,"https://github.com/kivra/mochiweb_util",
       {ref,"de4fd402f7c1e1a6e683f73a41ae863b69888402"}},
  1},
 {<<"parse_trans">>,{pkg,<<"parse_trans">>,<<"3.0.0">>},0},
 {<<"restc">>,
  {git,"https://github.com/synlay/restclient.git",
       {ref,"fdaf3d112f0e028a2702b3f3ed6ef327e6c0b410"}},
  0},
 {<<"ssl_verify_fun">>,{pkg,<<"ssl_verify_fun">>,<<"1.1.0">>},1},
 {<<"st_commons">>,
  {git,"https://github.com/synlay/st_commons.git",
       {ref,"ea0fc9116b9524ab68d16e8e19a29e1beee19809"}},
  0},
 {<<"stillir">>,{pkg,<<"stillir">>,<<"1.0.0">>},0}].
