[{<<"erlsom">>,
  {git,"https://github.com/willemdj/erlsom",
       {ref,"9b3f9106a9b1376ab7a4dbdd11cae7bb9835ef0a"}},
  1},
 {<<"goldrush">>,{pkg,<<"goldrush">>,<<"0.1.8">>},1},
 {<<"hackney">>,
  {git,"https://github.com/benoitc/hackney",
       {ref,"b29a643c572bb83f8089bd57c373e7aaf1e86608"}},
  1},
 {<<"idna">>,{pkg,<<"idna">>,<<"1.0.2">>},2},
 {<<"jsx">>,
  {git,"https://github.com/talentdeficit/jsx",
       {ref,"58b9887780050123a6ae9f1f8532dc5a61d11ec3"}},
  1},
 {<<"lager">>,{pkg,<<"lager">>,<<"3.2.1">>},0},
 {<<"mochiweb_util">>,
  {git,"https://github.com/kivra/mochiweb_util",
       {ref,"de4fd402f7c1e1a6e683f73a41ae863b69888402"}},
  1},
 {<<"restc">>,
  {git,"https://github.com/kivra/restclient.git",
       {ref,"81ab27b08f95fcab6a126f66b3c1967a5dd0cfb1"}},
  0},
 {<<"ssl_verify_hostname">>,{pkg,<<"ssl_verify_hostname">>,<<"1.0.5">>},2},
 {<<"stillir">>,{pkg,<<"stillir">>,<<"1.0.0">>},0}].
